
Microsoft Visual Studio Solution File, Format Version 12.00
# Visual Studio Version 16
VisualStudioVersion = 16.0.31729.503
MinimumVisualStudioVersion = 10.0.40219.1
Project("{9A19103F-16F7-4668-BE54-9A1E7A4F7556}") = "CSharp9Features", "CSharp8Features\CSharp9Features.csproj", "{674A08BC-2396-4538-951C-FEA31F2BB00C}"
EndProject
Project("{9A19103F-16F7-4668-BE54-9A1E7A4F7556}") = "CSharp9Features.Test", "CSharp8Features.Test\CSharp9Features.Test.csproj", "{A91783F1-D9FC-4180-A337-C1B86475691B}"
EndProject
Global
	GlobalSection(SolutionConfigurationPlatforms) = preSolution
		Debug|Any CPU = Debug|Any CPU
		Release|Any CPU = Release|Any CPU
	EndGlobalSection
	GlobalSection(ProjectConfigurationPlatforms) = postSolution
		{674A08BC-2396-4538-951C-FEA31F2BB00C}.Debug|Any CPU.ActiveCfg = Debug|Any CPU
		{674A08BC-2396-4538-951C-FEA31F2BB00C}.Debug|Any CPU.Build.0 = Debug|Any CPU
		{674A08BC-2396-4538-951C-FEA31F2BB00C}.Release|Any CPU.ActiveCfg = Release|Any CPU
		{674A08BC-2396-4538-951C-FEA31F2BB00C}.Release|Any CPU.Build.0 = Release|Any CPU
		{A91783F1-D9FC-4180-A337-C1B86475691B}.Debug|Any CPU.ActiveCfg = Debug|Any CPU
		{A91783F1-D9FC-4180-A337-C1B86475691B}.Debug|Any CPU.Build.0 = Debug|Any CPU
		{A91783F1-D9FC-4180-A337-C1B86475691B}.Release|Any CPU.ActiveCfg = Release|Any CPU
		{A91783F1-D9FC-4180-A337-C1B86475691B}.Release|Any CPU.Build.0 = Release|Any CPU
	EndGlobalSection
	GlobalSection(SolutionProperties) = preSolution
		HideSolutionNode = FALSE
	EndGlobalSection
	GlobalSection(ExtensibilityGlobals) = postSolution
		SolutionGuid = {A6859B41-38C7-4EB7-9AEB-0C66046C7301}
	EndGlobalSection
EndGlobal
