
Microsoft Visual Studio Solution File, Format Version 12.00
# Visual Studio Version 17
VisualStudioVersion = 17.3.32922.545
MinimumVisualStudioVersion = 10.0.40219.1
Project("{9A19103F-16F7-4668-BE54-9A1E7A4F7556}") = "CSharp10Features", "CSharp10Features\CSharp10Features.csproj", "{2FC8F615-6F07-424B-8604-831825B6CA5B}"
EndProject
Project("{9A19103F-16F7-4668-BE54-9A1E7A4F7556}") = "CSharp10Features.Test", "CSharp10Features.Test\CSharp10Features.Test.csproj", "{ECD6AE11-B94C-44A1-9D6C-9CE0A0958C71}"
EndProject
Project("{9A19103F-16F7-4668-BE54-9A1E7A4F7556}") = "SpecjalSingleTest", "ClassLibrary1\SpecjalSingleTest.csproj", "{A7CA861E-F724-4CBB-BFDD-828959C7ABE8}"
EndProject
Global
	GlobalSection(SolutionConfigurationPlatforms) = preSolution
		Debug|Any CPU = Debug|Any CPU
		Release|Any CPU = Release|Any CPU
	EndGlobalSection
	GlobalSection(ProjectConfigurationPlatforms) = postSolution
		{2FC8F615-6F07-424B-8604-831825B6CA5B}.Debug|Any CPU.ActiveCfg = Debug|Any CPU
		{2FC8F615-6F07-424B-8604-831825B6CA5B}.Debug|Any CPU.Build.0 = Debug|Any CPU
		{2FC8F615-6F07-424B-8604-831825B6CA5B}.Release|Any CPU.ActiveCfg = Release|Any CPU
		{2FC8F615-6F07-424B-8604-831825B6CA5B}.Release|Any CPU.Build.0 = Release|Any CPU
		{ECD6AE11-B94C-44A1-9D6C-9CE0A0958C71}.Debug|Any CPU.ActiveCfg = Debug|Any CPU
		{ECD6AE11-B94C-44A1-9D6C-9CE0A0958C71}.Debug|Any CPU.Build.0 = Debug|Any CPU
		{ECD6AE11-B94C-44A1-9D6C-9CE0A0958C71}.Release|Any CPU.ActiveCfg = Release|Any CPU
		{ECD6AE11-B94C-44A1-9D6C-9CE0A0958C71}.Release|Any CPU.Build.0 = Release|Any CPU
		{A7CA861E-F724-4CBB-BFDD-828959C7ABE8}.Debug|Any CPU.ActiveCfg = Debug|Any CPU
		{A7CA861E-F724-4CBB-BFDD-828959C7ABE8}.Debug|Any CPU.Build.0 = Debug|Any CPU
		{A7CA861E-F724-4CBB-BFDD-828959C7ABE8}.Release|Any CPU.ActiveCfg = Release|Any CPU
		{A7CA861E-F724-4CBB-BFDD-828959C7ABE8}.Release|Any CPU.Build.0 = Release|Any CPU
	EndGlobalSection
	GlobalSection(SolutionProperties) = preSolution
		HideSolutionNode = FALSE
	EndGlobalSection
	GlobalSection(ExtensibilityGlobals) = postSolution
		SolutionGuid = {48A06568-31AE-4071-8A38-2D4CC6BA6016}
	EndGlobalSection
EndGlobal
