
Microsoft Visual Studio Solution File, Format Version 12.00
# Visual Studio Version 16
VisualStudioVersion = 16.0.31729.503
MinimumVisualStudioVersion = 10.0.40219.1
Project("{9A19103F-16F7-4668-BE54-9A1E7A4F7556}") = "YTCSharpFeatures", "YTCSharpFeatures\YTCSharpFeatures.csproj", "{A1E84BEC-43B9-4DA6-9E1D-1DC49AD68D26}"
EndProject
Project("{FAE04EC0-301F-11D3-BF4B-00C04F79EFBC}") = "YTCSharpFeatures.Test", "YTCSharpFeatures.Test\YTCSharpFeatures.Test.csproj", "{35807E1D-6958-4DCC-892D-9D8B52B97073}"
EndProject
Global
	GlobalSection(SolutionConfigurationPlatforms) = preSolution
		Debug|Any CPU = Debug|Any CPU
		Release|Any CPU = Release|Any CPU
	EndGlobalSection
	GlobalSection(ProjectConfigurationPlatforms) = postSolution
		{A1E84BEC-43B9-4DA6-9E1D-1DC49AD68D26}.Debug|Any CPU.ActiveCfg = Debug|Any CPU
		{A1E84BEC-43B9-4DA6-9E1D-1DC49AD68D26}.Debug|Any CPU.Build.0 = Debug|Any CPU
		{A1E84BEC-43B9-4DA6-9E1D-1DC49AD68D26}.Release|Any CPU.ActiveCfg = Release|Any CPU
		{A1E84BEC-43B9-4DA6-9E1D-1DC49AD68D26}.Release|Any CPU.Build.0 = Release|Any CPU
		{35807E1D-6958-4DCC-892D-9D8B52B97073}.Debug|Any CPU.ActiveCfg = Debug|Any CPU
		{35807E1D-6958-4DCC-892D-9D8B52B97073}.Debug|Any CPU.Build.0 = Debug|Any CPU
		{35807E1D-6958-4DCC-892D-9D8B52B97073}.Release|Any CPU.ActiveCfg = Release|Any CPU
		{35807E1D-6958-4DCC-892D-9D8B52B97073}.Release|Any CPU.Build.0 = Release|Any CPU
	EndGlobalSection
	GlobalSection(SolutionProperties) = preSolution
		HideSolutionNode = FALSE
	EndGlobalSection
	GlobalSection(ExtensibilityGlobals) = postSolution
		SolutionGuid = {0CCC370F-09FB-473A-AA39-2180B0E50FAC}
	EndGlobalSection
EndGlobal
